
Microsoft Visual Studio Solution File, Format Version 12.00
# Visual Studio Version 17
VisualStudioVersion = 17.8.34316.72
MinimumVisualStudioVersion = 10.0.40219.1
Project("{9A19103F-16F7-4668-BE54-9A1E7A4F7556}") = "lab3", "lab3\lab3.csproj", "{7BAA42C5-B515-4C26-9D93-572082296D9B}"
EndProject
Project("{9A19103F-16F7-4668-BE54-9A1E7A4F7556}") = "lab3.Desktop", "lab3.Desktop\lab3.Desktop.csproj", "{911154A7-C1B7-47AB-B761-D56BFE3268BE}"
EndProject
Global
	GlobalSection(SolutionConfigurationPlatforms) = preSolution
		Debug|Any CPU = Debug|Any CPU
		Release|Any CPU = Release|Any CPU
	EndGlobalSection
	GlobalSection(ProjectConfigurationPlatforms) = postSolution
		{7BAA42C5-B515-4C26-9D93-572082296D9B}.Debug|Any CPU.ActiveCfg = Debug|Any CPU
		{7BAA42C5-B515-4C26-9D93-572082296D9B}.Debug|Any CPU.Build.0 = Debug|Any CPU
		{7BAA42C5-B515-4C26-9D93-572082296D9B}.Release|Any CPU.ActiveCfg = Release|Any CPU
		{7BAA42C5-B515-4C26-9D93-572082296D9B}.Release|Any CPU.Build.0 = Release|Any CPU
		{911154A7-C1B7-47AB-B761-D56BFE3268BE}.Debug|Any CPU.ActiveCfg = Debug|Any CPU
		{911154A7-C1B7-47AB-B761-D56BFE3268BE}.Debug|Any CPU.Build.0 = Debug|Any CPU
		{911154A7-C1B7-47AB-B761-D56BFE3268BE}.Release|Any CPU.ActiveCfg = Release|Any CPU
		{911154A7-C1B7-47AB-B761-D56BFE3268BE}.Release|Any CPU.Build.0 = Release|Any CPU
	EndGlobalSection
	GlobalSection(SolutionProperties) = preSolution
		HideSolutionNode = FALSE
	EndGlobalSection
	GlobalSection(ExtensibilityGlobals) = postSolution
		SolutionGuid = {FD3795D8-76A1-49A6-8543-F82C5EA25ABC}
	EndGlobalSection
EndGlobal
